# THIS IS AN AUTOGENERATED FILE. DO NOT EDIT THIS FILE DIRECTLY.
# yarn lockfile v1


prettier@^1.10.2:
  version "1.10.2"
  resolved "https://registry.yarnpkg.com/prettier/-/prettier-1.10.2.tgz#1af8356d1842276a99a5b5529c82dd9e9ad3cc93"

typescript@^2.7.2:
  version "2.7.2"
  resolved "https://registry.yarnpkg.com/typescript/-/typescript-2.7.2.tgz#2d615a1ef4aee4f574425cdff7026edf81919836"
